
Microsoft Visual Studio Solution File, Format Version 12.00
# Visual Studio Version 17
VisualStudioVersion = 17.0.31903.59
MinimumVisualStudioVersion = 10.0.40219.1
Project("{FAE04EC0-301F-11D3-BF4B-00C04F79EFBC}") = "PryTrabajadoresPrueba.Application", "PryTrabajadoresPrueba.Application\PryTrabajadoresPrueba.Application.csproj", "{E43CBD31-52DD-4AA1-8DBF-7FA65D3FEBD2}"
EndProject
Project("{FAE04EC0-301F-11D3-BF4B-00C04F79EFBC}") = "PryTrabajadoresPrueba.Domain", "PryTrabajadoresPrueba.Domain\PryTrabajadoresPrueba.Domain.csproj", "{78AF306C-705A-45AD-9CCE-23752D069B72}"
EndProject
Project("{FAE04EC0-301F-11D3-BF4B-00C04F79EFBC}") = "PryTrabajadoresPrueba.Infrastructure", "PryTrabajadoresPrueba.Infrastructure\PryTrabajadoresPrueba.Infrastructure.csproj", "{CA7D1D9E-D48F-46BC-92CE-830E2B335171}"
EndProject
Project("{FAE04EC0-301F-11D3-BF4B-00C04F79EFBC}") = "PryTrabajadoresPrueba.Web", "PryTrabajadoresPrueba.Web\PryTrabajadoresPrueba.Web.csproj", "{577A413A-4055-4816-9922-9056032E954E}"
EndProject
Project("{FAE04EC0-301F-11D3-BF4B-00C04F79EFBC}") = "PryTrabajadoresPrueba.Tests", "PryTrabajadoresPrueba.Tests\PryTrabajadoresPrueba.Tests.csproj", "{8D212C34-0C22-44E6-AC5C-DEA875DEE8D1}"
EndProject
Global
	GlobalSection(SolutionConfigurationPlatforms) = preSolution
		Debug|Any CPU = Debug|Any CPU
		Release|Any CPU = Release|Any CPU
	EndGlobalSection
	GlobalSection(SolutionProperties) = preSolution
		HideSolutionNode = FALSE
	EndGlobalSection
	GlobalSection(ProjectConfigurationPlatforms) = postSolution
		{E43CBD31-52DD-4AA1-8DBF-7FA65D3FEBD2}.Debug|Any CPU.ActiveCfg = Debug|Any CPU
		{E43CBD31-52DD-4AA1-8DBF-7FA65D3FEBD2}.Debug|Any CPU.Build.0 = Debug|Any CPU
		{E43CBD31-52DD-4AA1-8DBF-7FA65D3FEBD2}.Release|Any CPU.ActiveCfg = Release|Any CPU
		{E43CBD31-52DD-4AA1-8DBF-7FA65D3FEBD2}.Release|Any CPU.Build.0 = Release|Any CPU
		{78AF306C-705A-45AD-9CCE-23752D069B72}.Debug|Any CPU.ActiveCfg = Debug|Any CPU
		{78AF306C-705A-45AD-9CCE-23752D069B72}.Debug|Any CPU.Build.0 = Debug|Any CPU
		{78AF306C-705A-45AD-9CCE-23752D069B72}.Release|Any CPU.ActiveCfg = Release|Any CPU
		{78AF306C-705A-45AD-9CCE-23752D069B72}.Release|Any CPU.Build.0 = Release|Any CPU
		{CA7D1D9E-D48F-46BC-92CE-830E2B335171}.Debug|Any CPU.ActiveCfg = Debug|Any CPU
		{CA7D1D9E-D48F-46BC-92CE-830E2B335171}.Debug|Any CPU.Build.0 = Debug|Any CPU
		{CA7D1D9E-D48F-46BC-92CE-830E2B335171}.Release|Any CPU.ActiveCfg = Release|Any CPU
		{CA7D1D9E-D48F-46BC-92CE-830E2B335171}.Release|Any CPU.Build.0 = Release|Any CPU
		{577A413A-4055-4816-9922-9056032E954E}.Debug|Any CPU.ActiveCfg = Debug|Any CPU
		{577A413A-4055-4816-9922-9056032E954E}.Debug|Any CPU.Build.0 = Debug|Any CPU
		{577A413A-4055-4816-9922-9056032E954E}.Release|Any CPU.ActiveCfg = Release|Any CPU
		{577A413A-4055-4816-9922-9056032E954E}.Release|Any CPU.Build.0 = Release|Any CPU
		{8D212C34-0C22-44E6-AC5C-DEA875DEE8D1}.Debug|Any CPU.ActiveCfg = Debug|Any CPU
		{8D212C34-0C22-44E6-AC5C-DEA875DEE8D1}.Debug|Any CPU.Build.0 = Debug|Any CPU
		{8D212C34-0C22-44E6-AC5C-DEA875DEE8D1}.Release|Any CPU.ActiveCfg = Release|Any CPU
		{8D212C34-0C22-44E6-AC5C-DEA875DEE8D1}.Release|Any CPU.Build.0 = Release|Any CPU
	EndGlobalSection
EndGlobal
